
Microsoft Visual Studio Solution File, Format Version 12.00
# Visual Studio Version 17
VisualStudioVersion = 17.14.36518.9
MinimumVisualStudioVersion = 10.0.40219.1
Project("{FAE04EC0-301F-11D3-BF4B-00C04F79EFBC}") = "API", "API\API.csproj", "{74C69128-B448-4405-A30F-E045A3698B7D}"
EndProject
Project("{E53339B2-1760-4266-BCC7-CA923CBCF16C}") = "docker-compose", "docker-compose.dcproj", "{81DDED9D-158B-E303-5F62-77A2896D2A5A}"
EndProject
Project("{FAE04EC0-301F-11D3-BF4B-00C04F79EFBC}") = "Data", "Data\Data.csproj", "{A93FBD62-F2F8-457A-8D19-D1581A0DADBE}"
EndProject
Project("{FAE04EC0-301F-11D3-BF4B-00C04F79EFBC}") = "DTO", "DTO\DTO.csproj", "{B5B3E5C9-3285-4AD1-8E70-C4FEFDF0AD89}"
EndProject
Project("{FAE04EC0-301F-11D3-BF4B-00C04F79EFBC}") = "Services", "Services\Services.csproj", "{C67589F9-196C-4EA7-AC20-9A7C5B0FE27B}"
EndProject
Project("{FAE04EC0-301F-11D3-BF4B-00C04F79EFBC}") = "Events", "..\Events\Events.csproj", "{3AA7D345-0F90-4CBA-ABC2-139778CEE498}"
EndProject
Project("{FAE04EC0-301F-11D3-BF4B-00C04F79EFBC}") = "BackgroundWorks", "..\BackgroundWorks\BackgroundWorks.csproj", "{9720D4DA-BB2E-4976-8D5E-8EB9A335CC42}"
EndProject
Global
	GlobalSection(SolutionConfigurationPlatforms) = preSolution
		Debug|Any CPU = Debug|Any CPU
		Release|Any CPU = Release|Any CPU
	EndGlobalSection
	GlobalSection(ProjectConfigurationPlatforms) = postSolution
		{74C69128-B448-4405-A30F-E045A3698B7D}.Debug|Any CPU.ActiveCfg = Debug|Any CPU
		{74C69128-B448-4405-A30F-E045A3698B7D}.Debug|Any CPU.Build.0 = Debug|Any CPU
		{74C69128-B448-4405-A30F-E045A3698B7D}.Release|Any CPU.ActiveCfg = Release|Any CPU
		{74C69128-B448-4405-A30F-E045A3698B7D}.Release|Any CPU.Build.0 = Release|Any CPU
		{81DDED9D-158B-E303-5F62-77A2896D2A5A}.Debug|Any CPU.ActiveCfg = Debug|Any CPU
		{81DDED9D-158B-E303-5F62-77A2896D2A5A}.Debug|Any CPU.Build.0 = Debug|Any CPU
		{81DDED9D-158B-E303-5F62-77A2896D2A5A}.Release|Any CPU.ActiveCfg = Release|Any CPU
		{81DDED9D-158B-E303-5F62-77A2896D2A5A}.Release|Any CPU.Build.0 = Release|Any CPU
		{A93FBD62-F2F8-457A-8D19-D1581A0DADBE}.Debug|Any CPU.ActiveCfg = Debug|Any CPU
		{A93FBD62-F2F8-457A-8D19-D1581A0DADBE}.Debug|Any CPU.Build.0 = Debug|Any CPU
		{A93FBD62-F2F8-457A-8D19-D1581A0DADBE}.Release|Any CPU.ActiveCfg = Release|Any CPU
		{A93FBD62-F2F8-457A-8D19-D1581A0DADBE}.Release|Any CPU.Build.0 = Release|Any CPU
		{B5B3E5C9-3285-4AD1-8E70-C4FEFDF0AD89}.Debug|Any CPU.ActiveCfg = Debug|Any CPU
		{B5B3E5C9-3285-4AD1-8E70-C4FEFDF0AD89}.Debug|Any CPU.Build.0 = Debug|Any CPU
		{B5B3E5C9-3285-4AD1-8E70-C4FEFDF0AD89}.Release|Any CPU.ActiveCfg = Release|Any CPU
		{B5B3E5C9-3285-4AD1-8E70-C4FEFDF0AD89}.Release|Any CPU.Build.0 = Release|Any CPU
		{C67589F9-196C-4EA7-AC20-9A7C5B0FE27B}.Debug|Any CPU.ActiveCfg = Debug|Any CPU
		{C67589F9-196C-4EA7-AC20-9A7C5B0FE27B}.Debug|Any CPU.Build.0 = Debug|Any CPU
		{C67589F9-196C-4EA7-AC20-9A7C5B0FE27B}.Release|Any CPU.ActiveCfg = Release|Any CPU
		{C67589F9-196C-4EA7-AC20-9A7C5B0FE27B}.Release|Any CPU.Build.0 = Release|Any CPU
		{3AA7D345-0F90-4CBA-ABC2-139778CEE498}.Debug|Any CPU.ActiveCfg = Debug|Any CPU
		{3AA7D345-0F90-4CBA-ABC2-139778CEE498}.Debug|Any CPU.Build.0 = Debug|Any CPU
		{3AA7D345-0F90-4CBA-ABC2-139778CEE498}.Release|Any CPU.ActiveCfg = Release|Any CPU
		{3AA7D345-0F90-4CBA-ABC2-139778CEE498}.Release|Any CPU.Build.0 = Release|Any CPU
		{9720D4DA-BB2E-4976-8D5E-8EB9A335CC42}.Debug|Any CPU.ActiveCfg = Debug|Any CPU
		{9720D4DA-BB2E-4976-8D5E-8EB9A335CC42}.Debug|Any CPU.Build.0 = Debug|Any CPU
		{9720D4DA-BB2E-4976-8D5E-8EB9A335CC42}.Release|Any CPU.ActiveCfg = Release|Any CPU
		{9720D4DA-BB2E-4976-8D5E-8EB9A335CC42}.Release|Any CPU.Build.0 = Release|Any CPU
	EndGlobalSection
	GlobalSection(SolutionProperties) = preSolution
		HideSolutionNode = FALSE
	EndGlobalSection
	GlobalSection(ExtensibilityGlobals) = postSolution
		SolutionGuid = {F6D9C0A2-0ACE-4494-B530-6B0EBABAF33A}
	EndGlobalSection
EndGlobal
